
Microsoft Visual Studio Solution File, Format Version 12.00
# Visual Studio Version 16
VisualStudioVersion = 16.0.33529.622
MinimumVisualStudioVersion = 10.0.40219.1
Project("{FAE04EC0-301F-11D3-BF4B-00C04F79EFBC}") = "Assignment1_Interface", "Assignment1_Interface\Assignment1_Interface.csproj", "{6547E0B7-2624-4C0B-B10B-A02BC2A16CBE}"
EndProject
Global
	GlobalSection(SolutionConfigurationPlatforms) = preSolution
		Debug|Any CPU = Debug|Any CPU
		Release|Any CPU = Release|Any CPU
	EndGlobalSection
	GlobalSection(ProjectConfigurationPlatforms) = postSolution
		{6547E0B7-2624-4C0B-B10B-A02BC2A16CBE}.Debug|Any CPU.ActiveCfg = Debug|Any CPU
		{6547E0B7-2624-4C0B-B10B-A02BC2A16CBE}.Debug|Any CPU.Build.0 = Debug|Any CPU
		{6547E0B7-2624-4C0B-B10B-A02BC2A16CBE}.Release|Any CPU.ActiveCfg = Release|Any CPU
		{6547E0B7-2624-4C0B-B10B-A02BC2A16CBE}.Release|Any CPU.Build.0 = Release|Any CPU
	EndGlobalSection
	GlobalSection(SolutionProperties) = preSolution
		HideSolutionNode = FALSE
	EndGlobalSection
	GlobalSection(ExtensibilityGlobals) = postSolution
		SolutionGuid = {ACD6273B-8B90-4742-9535-A46B0435E29B}
	EndGlobalSection
EndGlobal
