
Microsoft Visual Studio Solution File, Format Version 12.00
# Visual Studio Version 16
VisualStudioVersion = 16.0.33529.622
MinimumVisualStudioVersion = 10.0.40219.1
Project("{FAE04EC0-301F-11D3-BF4B-00C04F79EFBC}") = "Read filecsv", "Read filecsv\Read filecsv.csproj", "{FD8E41B6-664F-4EBE-89C4-9E5F96922C97}"
EndProject
Global
	GlobalSection(SolutionConfigurationPlatforms) = preSolution
		Debug|Any CPU = Debug|Any CPU
		Release|Any CPU = Release|Any CPU
	EndGlobalSection
	GlobalSection(ProjectConfigurationPlatforms) = postSolution
		{FD8E41B6-664F-4EBE-89C4-9E5F96922C97}.Debug|Any CPU.ActiveCfg = Debug|Any CPU
		{FD8E41B6-664F-4EBE-89C4-9E5F96922C97}.Debug|Any CPU.Build.0 = Debug|Any CPU
		{FD8E41B6-664F-4EBE-89C4-9E5F96922C97}.Release|Any CPU.ActiveCfg = Release|Any CPU
		{FD8E41B6-664F-4EBE-89C4-9E5F96922C97}.Release|Any CPU.Build.0 = Release|Any CPU
	EndGlobalSection
	GlobalSection(SolutionProperties) = preSolution
		HideSolutionNode = FALSE
	EndGlobalSection
	GlobalSection(ExtensibilityGlobals) = postSolution
		SolutionGuid = {C2EEB81C-DD46-4CB8-B4D2-848D94D5E3E8}
	EndGlobalSection
EndGlobal
